
Microsoft Visual Studio Solution File, Format Version 12.00
# Visual Studio Version 17
VisualStudioVersion = 17.0.32112.339
MinimumVisualStudioVersion = 10.0.40219.1
Project("{FAE04EC0-301F-11D3-BF4B-00C04F79EFBC}") = "FabricaApp", "FabricaApp\FabricaApp.csproj", "{24A2BA14-EFEE-4F71-A7D4-65F2A4884110}"
EndProject
Project("{FAE04EC0-301F-11D3-BF4B-00C04F79EFBC}") = "Datos", "Datos\Datos.csproj", "{300C5951-30E0-41CA-AFB2-8F13867EE888}"
EndProject
Project("{FAE04EC0-301F-11D3-BF4B-00C04F79EFBC}") = "Logica", "Logica\Logica.csproj", "{9A1940B4-3D56-4A68-A798-0B90CE5C195E}"
EndProject
Project("{FAE04EC0-301F-11D3-BF4B-00C04F79EFBC}") = "Entidad", "Entidad\Entidad.csproj", "{2DD36E3D-0B58-42F0-B317-AD39807BAA18}"
EndProject
Global
	GlobalSection(SolutionConfigurationPlatforms) = preSolution
		Debug|Any CPU = Debug|Any CPU
		Release|Any CPU = Release|Any CPU
	EndGlobalSection
	GlobalSection(ProjectConfigurationPlatforms) = postSolution
		{24A2BA14-EFEE-4F71-A7D4-65F2A4884110}.Debug|Any CPU.ActiveCfg = Debug|Any CPU
		{24A2BA14-EFEE-4F71-A7D4-65F2A4884110}.Debug|Any CPU.Build.0 = Debug|Any CPU
		{24A2BA14-EFEE-4F71-A7D4-65F2A4884110}.Release|Any CPU.ActiveCfg = Release|Any CPU
		{24A2BA14-EFEE-4F71-A7D4-65F2A4884110}.Release|Any CPU.Build.0 = Release|Any CPU
		{300C5951-30E0-41CA-AFB2-8F13867EE888}.Debug|Any CPU.ActiveCfg = Debug|Any CPU
		{300C5951-30E0-41CA-AFB2-8F13867EE888}.Debug|Any CPU.Build.0 = Debug|Any CPU
		{300C5951-30E0-41CA-AFB2-8F13867EE888}.Release|Any CPU.ActiveCfg = Release|Any CPU
		{300C5951-30E0-41CA-AFB2-8F13867EE888}.Release|Any CPU.Build.0 = Release|Any CPU
		{9A1940B4-3D56-4A68-A798-0B90CE5C195E}.Debug|Any CPU.ActiveCfg = Debug|Any CPU
		{9A1940B4-3D56-4A68-A798-0B90CE5C195E}.Debug|Any CPU.Build.0 = Debug|Any CPU
		{9A1940B4-3D56-4A68-A798-0B90CE5C195E}.Release|Any CPU.ActiveCfg = Release|Any CPU
		{9A1940B4-3D56-4A68-A798-0B90CE5C195E}.Release|Any CPU.Build.0 = Release|Any CPU
		{2DD36E3D-0B58-42F0-B317-AD39807BAA18}.Debug|Any CPU.ActiveCfg = Debug|Any CPU
		{2DD36E3D-0B58-42F0-B317-AD39807BAA18}.Debug|Any CPU.Build.0 = Debug|Any CPU
		{2DD36E3D-0B58-42F0-B317-AD39807BAA18}.Release|Any CPU.ActiveCfg = Release|Any CPU
		{2DD36E3D-0B58-42F0-B317-AD39807BAA18}.Release|Any CPU.Build.0 = Release|Any CPU
	EndGlobalSection
	GlobalSection(SolutionProperties) = preSolution
		HideSolutionNode = FALSE
	EndGlobalSection
	GlobalSection(ExtensibilityGlobals) = postSolution
		SolutionGuid = {903315C7-5D87-44E5-A486-070C977B85E4}
	EndGlobalSection
EndGlobal
